
Microsoft Visual Studio Solution File, Format Version 12.00
# Visual Studio Version 17
VisualStudioVersion = 17.7.34221.43
MinimumVisualStudioVersion = 10.0.40219.1
Project("{FAE04EC0-301F-11D3-BF4B-00C04F79EFBC}") = "YregAuthService", "YregAuthService\YregAuthService.csproj", "{02199671-5D22-4B18-9231-D95F3ACBD6D9}"
EndProject
Global
	GlobalSection(SolutionConfigurationPlatforms) = preSolution
		Debug|Any CPU = Debug|Any CPU
		Release|Any CPU = Release|Any CPU
	EndGlobalSection
	GlobalSection(ProjectConfigurationPlatforms) = postSolution
		{02199671-5D22-4B18-9231-D95F3ACBD6D9}.Debug|Any CPU.ActiveCfg = Debug|Any CPU
		{02199671-5D22-4B18-9231-D95F3ACBD6D9}.Debug|Any CPU.Build.0 = Debug|Any CPU
		{02199671-5D22-4B18-9231-D95F3ACBD6D9}.Release|Any CPU.ActiveCfg = Release|Any CPU
		{02199671-5D22-4B18-9231-D95F3ACBD6D9}.Release|Any CPU.Build.0 = Release|Any CPU
	EndGlobalSection
	GlobalSection(SolutionProperties) = preSolution
		HideSolutionNode = FALSE
	EndGlobalSection
	GlobalSection(ExtensibilityGlobals) = postSolution
		SolutionGuid = {DF502E16-B751-4DE4-BF1F-EDF1A5142C6A}
	EndGlobalSection
EndGlobal
